
Microsoft Visual Studio Solution File, Format Version 12.00
# Visual Studio Version 18
VisualStudioVersion = 18.0.11217.181
MinimumVisualStudioVersion = 10.0.40219.1
Project("{FAE04EC0-301F-11D3-BF4B-00C04F79EFBC}") = "DomainObjects", "DomainObjects\DomainObjects.csproj", "{14763801-2E98-48EF-8BF7-E819DECCE4F6}"
EndProject
Project("{9A19103F-16F7-4668-BE54-9A1E7A4F7556}") = "DataAccessLayer", "DataAccessLayer\DataAccessLayer.csproj", "{A1B2C3D4-5E6F-7890-ABCD-EF1234567890}"
EndProject
Project("{2150E333-8FDC-42A3-9474-1A3956D46DE8}") = "Solution Items", "Solution Items", "{E6579C18-0875-4E83-A92C-9D914FAEA822}"
	ProjectSection(SolutionItems) = preProject
		API_TESTING_GUIDE.md = API_TESTING_GUIDE.md
		ARCHITECTURE_PRINCIPLES.md = ARCHITECTURE_PRINCIPLES.md
		ARCHITECTURE_SUMMARY.txt = ARCHITECTURE_SUMMARY.txt
		AUTHENTICATION_SETUP.md = AUTHENTICATION_SETUP.md
		AUTHORIZATION_AND_USER_MANAGEMENT.md = AUTHORIZATION_AND_USER_MANAGEMENT.md
		USER_GUIDE_PROFILE_PAGE.md = USER_GUIDE_PROFILE_PAGE.md
		AZURE_MIGRATION_CHECKLIST.md = AZURE_MIGRATION_CHECKLIST.md
		CODEBASE_ANALYSIS.md = CODEBASE_ANALYSIS.md
		DATABASE_DEPLOYMENT.md = DATABASE_DEPLOYMENT.md
		DATABASE_QUICK_REFERENCE.md = DATABASE_QUICK_REFERENCE.md
		DATABASE_SETUP.md = DATABASE_SETUP.md
		deploy-database.ps1 = deploy-database.ps1
		deploy-database.sh = deploy-database.sh
		FIELD_POSITION_SYSTEM.md = FIELD_POSITION_SYSTEM.md
		readme.md = readme.md
		reset-database.ps1 = reset-database.ps1
		states.png = states.png
	EndProjectSection
EndProject
Project("{54A90642-561A-4BB1-A94E-469ADEE60C69}") = "gridiron-web", "gridiron-web\gridiron-web.esproj", "{F1E2D3C4-5B6A-7890-1234-567890ABCDEF}"
EndProject
Project("{FAE04EC0-301F-11D3-BF4B-00C04F79EFBC}") = "Diagram", "Diagram\Diagram.csproj", "{3258BCA3-7F00-4AEF-9CCB-C7B54B4557C6}"
EndProject
Project("{9A19103F-16F7-4668-BE54-9A1E7A4F7556}") = "Gridiron.WebApi", "Gridiron.WebApi\Gridiron.WebApi.csproj", "{A1B2C3D4-AAAA-BBBB-CCCC-123456789ABC}"
EndProject
Project("{9A19103F-16F7-4668-BE54-9A1E7A4F7556}") = "Gridiron.WebApi.Tests", "Gridiron.WebApi.Tests\Gridiron.WebApi.Tests.csproj", "{46725C77-EB0F-46A6-8B5C-CB7919F9048D}"
EndProject
Project("{FAE04EC0-301F-11D3-BF4B-00C04F79EFBC}") = "GameManagement", "GameManagement\GameManagement.csproj", "{8C578813-9EBF-4BD1-B460-EF75B5CF21C1}"
EndProject
Project("{FAE04EC0-301F-11D3-BF4B-00C04F79EFBC}") = "GameManagement.Tests", "GameManagement.Tests\GameManagement.Tests.csproj", "{02B2AE2A-4CF3-47E8-968E-E8F9B7ECA9DD}"
EndProject
Project("{FAE04EC0-301F-11D3-BF4B-00C04F79EFBC}") = "Gridiron.IntegrationTests", "Gridiron.IntegrationTests\Gridiron.IntegrationTests.csproj", "{088B8244-C183-4ED8-B49C-C952CD75EADF}"
EndProject
Project("{FAE04EC0-301F-11D3-BF4B-00C04F79EFBC}") = "Gridiron.TestHelpers", "Gridiron.TestHelpers\Gridiron.TestHelpers.csproj", "{6E9D2B73-8421-4A7D-A51C-CE18BF1A8F29}"
EndProject
Global
	GlobalSection(SolutionConfigurationPlatforms) = preSolution
		Debug|Any CPU = Debug|Any CPU
		Debug|x64 = Debug|x64
		Debug|x86 = Debug|x86
		Release|Any CPU = Release|Any CPU
		Release|x64 = Release|x64
		Release|x86 = Release|x86
	EndGlobalSection
	GlobalSection(ProjectConfigurationPlatforms) = postSolution
		{14763801-2E98-48EF-8BF7-E819DECCE4F6}.Debug|Any CPU.ActiveCfg = Debug|Any CPU
		{14763801-2E98-48EF-8BF7-E819DECCE4F6}.Debug|Any CPU.Build.0 = Debug|Any CPU
		{14763801-2E98-48EF-8BF7-E819DECCE4F6}.Debug|x64.ActiveCfg = Debug|Any CPU
		{14763801-2E98-48EF-8BF7-E819DECCE4F6}.Debug|x64.Build.0 = Debug|Any CPU
		{14763801-2E98-48EF-8BF7-E819DECCE4F6}.Debug|x86.ActiveCfg = Debug|Any CPU
		{14763801-2E98-48EF-8BF7-E819DECCE4F6}.Debug|x86.Build.0 = Debug|Any CPU
		{14763801-2E98-48EF-8BF7-E819DECCE4F6}.Release|Any CPU.ActiveCfg = Release|Any CPU
		{14763801-2E98-48EF-8BF7-E819DECCE4F6}.Release|Any CPU.Build.0 = Release|Any CPU
		{14763801-2E98-48EF-8BF7-E819DECCE4F6}.Release|x64.ActiveCfg = Release|Any CPU
		{14763801-2E98-48EF-8BF7-E819DECCE4F6}.Release|x64.Build.0 = Release|Any CPU
		{14763801-2E98-48EF-8BF7-E819DECCE4F6}.Release|x86.ActiveCfg = Release|Any CPU
		{14763801-2E98-48EF-8BF7-E819DECCE4F6}.Release|x86.Build.0 = Release|Any CPU
		{A1B2C3D4-5E6F-7890-ABCD-EF1234567890}.Debug|Any CPU.ActiveCfg = Debug|Any CPU
		{A1B2C3D4-5E6F-7890-ABCD-EF1234567890}.Debug|Any CPU.Build.0 = Debug|Any CPU
		{A1B2C3D4-5E6F-7890-ABCD-EF1234567890}.Debug|x64.ActiveCfg = Debug|Any CPU
		{A1B2C3D4-5E6F-7890-ABCD-EF1234567890}.Debug|x64.Build.0 = Debug|Any CPU
		{A1B2C3D4-5E6F-7890-ABCD-EF1234567890}.Debug|x86.ActiveCfg = Debug|Any CPU
		{A1B2C3D4-5E6F-7890-ABCD-EF1234567890}.Debug|x86.Build.0 = Debug|Any CPU
		{A1B2C3D4-5E6F-7890-ABCD-EF1234567890}.Release|Any CPU.ActiveCfg = Release|Any CPU
		{A1B2C3D4-5E6F-7890-ABCD-EF1234567890}.Release|Any CPU.Build.0 = Release|Any CPU
		{A1B2C3D4-5E6F-7890-ABCD-EF1234567890}.Release|x64.ActiveCfg = Release|Any CPU
		{A1B2C3D4-5E6F-7890-ABCD-EF1234567890}.Release|x64.Build.0 = Release|Any CPU
		{A1B2C3D4-5E6F-7890-ABCD-EF1234567890}.Release|x86.ActiveCfg = Release|Any CPU
		{A1B2C3D4-5E6F-7890-ABCD-EF1234567890}.Release|x86.Build.0 = Release|Any CPU
		{F1E2D3C4-5B6A-7890-1234-567890ABCDEF}.Debug|Any CPU.ActiveCfg = Debug|Any CPU
		{F1E2D3C4-5B6A-7890-1234-567890ABCDEF}.Debug|Any CPU.Build.0 = Debug|Any CPU
		{F1E2D3C4-5B6A-7890-1234-567890ABCDEF}.Debug|x64.ActiveCfg = Debug|Any CPU
		{F1E2D3C4-5B6A-7890-1234-567890ABCDEF}.Debug|x64.Build.0 = Debug|Any CPU
		{F1E2D3C4-5B6A-7890-1234-567890ABCDEF}.Debug|x86.ActiveCfg = Debug|Any CPU
		{F1E2D3C4-5B6A-7890-1234-567890ABCDEF}.Debug|x86.Build.0 = Debug|Any CPU
		{F1E2D3C4-5B6A-7890-1234-567890ABCDEF}.Release|Any CPU.ActiveCfg = Release|Any CPU
		{F1E2D3C4-5B6A-7890-1234-567890ABCDEF}.Release|Any CPU.Build.0 = Release|Any CPU
		{F1E2D3C4-5B6A-7890-1234-567890ABCDEF}.Release|x64.ActiveCfg = Release|Any CPU
		{F1E2D3C4-5B6A-7890-1234-567890ABCDEF}.Release|x64.Build.0 = Release|Any CPU
		{F1E2D3C4-5B6A-7890-1234-567890ABCDEF}.Release|x86.ActiveCfg = Release|Any CPU
		{F1E2D3C4-5B6A-7890-1234-567890ABCDEF}.Release|x86.Build.0 = Release|Any CPU
		{3258BCA3-7F00-4AEF-9CCB-C7B54B4557C6}.Debug|Any CPU.ActiveCfg = Debug|Any CPU
		{3258BCA3-7F00-4AEF-9CCB-C7B54B4557C6}.Debug|Any CPU.Build.0 = Debug|Any CPU
		{3258BCA3-7F00-4AEF-9CCB-C7B54B4557C6}.Debug|x64.ActiveCfg = Debug|Any CPU
		{3258BCA3-7F00-4AEF-9CCB-C7B54B4557C6}.Debug|x64.Build.0 = Debug|Any CPU
		{3258BCA3-7F00-4AEF-9CCB-C7B54B4557C6}.Debug|x86.ActiveCfg = Debug|Any CPU
		{3258BCA3-7F00-4AEF-9CCB-C7B54B4557C6}.Debug|x86.Build.0 = Debug|Any CPU
		{3258BCA3-7F00-4AEF-9CCB-C7B54B4557C6}.Release|Any CPU.ActiveCfg = Release|Any CPU
		{3258BCA3-7F00-4AEF-9CCB-C7B54B4557C6}.Release|Any CPU.Build.0 = Release|Any CPU
		{3258BCA3-7F00-4AEF-9CCB-C7B54B4557C6}.Release|x64.ActiveCfg = Release|Any CPU
		{3258BCA3-7F00-4AEF-9CCB-C7B54B4557C6}.Release|x64.Build.0 = Release|Any CPU
		{3258BCA3-7F00-4AEF-9CCB-C7B54B4557C6}.Release|x86.ActiveCfg = Release|Any CPU
		{3258BCA3-7F00-4AEF-9CCB-C7B54B4557C6}.Release|x86.Build.0 = Release|Any CPU
		{A1B2C3D4-AAAA-BBBB-CCCC-123456789ABC}.Debug|Any CPU.ActiveCfg = Debug|Any CPU
		{A1B2C3D4-AAAA-BBBB-CCCC-123456789ABC}.Debug|Any CPU.Build.0 = Debug|Any CPU
		{A1B2C3D4-AAAA-BBBB-CCCC-123456789ABC}.Debug|x64.ActiveCfg = Debug|Any CPU
		{A1B2C3D4-AAAA-BBBB-CCCC-123456789ABC}.Debug|x64.Build.0 = Debug|Any CPU
		{A1B2C3D4-AAAA-BBBB-CCCC-123456789ABC}.Debug|x86.ActiveCfg = Debug|Any CPU
		{A1B2C3D4-AAAA-BBBB-CCCC-123456789ABC}.Debug|x86.Build.0 = Debug|Any CPU
		{A1B2C3D4-AAAA-BBBB-CCCC-123456789ABC}.Release|Any CPU.ActiveCfg = Release|Any CPU
		{A1B2C3D4-AAAA-BBBB-CCCC-123456789ABC}.Release|Any CPU.Build.0 = Release|Any CPU
		{A1B2C3D4-AAAA-BBBB-CCCC-123456789ABC}.Release|x64.ActiveCfg = Release|Any CPU
		{A1B2C3D4-AAAA-BBBB-CCCC-123456789ABC}.Release|x64.Build.0 = Release|Any CPU
		{A1B2C3D4-AAAA-BBBB-CCCC-123456789ABC}.Release|x86.ActiveCfg = Release|Any CPU
		{A1B2C3D4-AAAA-BBBB-CCCC-123456789ABC}.Release|x86.Build.0 = Release|Any CPU
		{46725C77-EB0F-46A6-8B5C-CB7919F9048D}.Debug|Any CPU.ActiveCfg = Debug|Any CPU
		{46725C77-EB0F-46A6-8B5C-CB7919F9048D}.Debug|Any CPU.Build.0 = Debug|Any CPU
		{46725C77-EB0F-46A6-8B5C-CB7919F9048D}.Debug|x64.ActiveCfg = Debug|Any CPU
		{46725C77-EB0F-46A6-8B5C-CB7919F9048D}.Debug|x64.Build.0 = Debug|Any CPU
		{46725C77-EB0F-46A6-8B5C-CB7919F9048D}.Debug|x86.ActiveCfg = Debug|Any CPU
		{46725C77-EB0F-46A6-8B5C-CB7919F9048D}.Debug|x86.Build.0 = Debug|Any CPU
		{46725C77-EB0F-46A6-8B5C-CB7919F9048D}.Release|Any CPU.ActiveCfg = Release|Any CPU
		{46725C77-EB0F-46A6-8B5C-CB7919F9048D}.Release|Any CPU.Build.0 = Release|Any CPU
		{46725C77-EB0F-46A6-8B5C-CB7919F9048D}.Release|x64.ActiveCfg = Release|Any CPU
		{46725C77-EB0F-46A6-8B5C-CB7919F9048D}.Release|x64.Build.0 = Release|Any CPU
		{46725C77-EB0F-46A6-8B5C-CB7919F9048D}.Release|x86.ActiveCfg = Release|Any CPU
		{46725C77-EB0F-46A6-8B5C-CB7919F9048D}.Release|x86.Build.0 = Release|Any CPU
		{8C578813-9EBF-4BD1-B460-EF75B5CF21C1}.Debug|Any CPU.ActiveCfg = Debug|Any CPU
		{8C578813-9EBF-4BD1-B460-EF75B5CF21C1}.Debug|Any CPU.Build.0 = Debug|Any CPU
		{8C578813-9EBF-4BD1-B460-EF75B5CF21C1}.Debug|x64.ActiveCfg = Debug|Any CPU
		{8C578813-9EBF-4BD1-B460-EF75B5CF21C1}.Debug|x64.Build.0 = Debug|Any CPU
		{8C578813-9EBF-4BD1-B460-EF75B5CF21C1}.Debug|x86.ActiveCfg = Debug|Any CPU
		{8C578813-9EBF-4BD1-B460-EF75B5CF21C1}.Debug|x86.Build.0 = Debug|Any CPU
		{8C578813-9EBF-4BD1-B460-EF75B5CF21C1}.Release|Any CPU.ActiveCfg = Release|Any CPU
		{8C578813-9EBF-4BD1-B460-EF75B5CF21C1}.Release|Any CPU.Build.0 = Release|Any CPU
		{8C578813-9EBF-4BD1-B460-EF75B5CF21C1}.Release|x64.ActiveCfg = Release|Any CPU
		{8C578813-9EBF-4BD1-B460-EF75B5CF21C1}.Release|x64.Build.0 = Release|Any CPU
		{8C578813-9EBF-4BD1-B460-EF75B5CF21C1}.Release|x86.ActiveCfg = Release|Any CPU
		{8C578813-9EBF-4BD1-B460-EF75B5CF21C1}.Release|x86.Build.0 = Release|Any CPU
		{02B2AE2A-4CF3-47E8-968E-E8F9B7ECA9DD}.Debug|Any CPU.ActiveCfg = Debug|Any CPU
		{02B2AE2A-4CF3-47E8-968E-E8F9B7ECA9DD}.Debug|Any CPU.Build.0 = Debug|Any CPU
		{02B2AE2A-4CF3-47E8-968E-E8F9B7ECA9DD}.Debug|x64.ActiveCfg = Debug|Any CPU
		{02B2AE2A-4CF3-47E8-968E-E8F9B7ECA9DD}.Debug|x64.Build.0 = Debug|Any CPU
		{02B2AE2A-4CF3-47E8-968E-E8F9B7ECA9DD}.Debug|x86.ActiveCfg = Debug|Any CPU
		{02B2AE2A-4CF3-47E8-968E-E8F9B7ECA9DD}.Debug|x86.Build.0 = Debug|Any CPU
		{02B2AE2A-4CF3-47E8-968E-E8F9B7ECA9DD}.Release|Any CPU.ActiveCfg = Release|Any CPU
		{02B2AE2A-4CF3-47E8-968E-E8F9B7ECA9DD}.Release|Any CPU.Build.0 = Release|Any CPU
		{02B2AE2A-4CF3-47E8-968E-E8F9B7ECA9DD}.Release|x64.ActiveCfg = Release|Any CPU
		{02B2AE2A-4CF3-47E8-968E-E8F9B7ECA9DD}.Release|x64.Build.0 = Release|Any CPU
		{02B2AE2A-4CF3-47E8-968E-E8F9B7ECA9DD}.Release|x86.ActiveCfg = Release|Any CPU
		{02B2AE2A-4CF3-47E8-968E-E8F9B7ECA9DD}.Release|x86.Build.0 = Release|Any CPU
		{088B8244-C183-4ED8-B49C-C952CD75EADF}.Debug|Any CPU.ActiveCfg = Debug|Any CPU
		{088B8244-C183-4ED8-B49C-C952CD75EADF}.Debug|Any CPU.Build.0 = Debug|Any CPU
		{088B8244-C183-4ED8-B49C-C952CD75EADF}.Debug|x64.ActiveCfg = Debug|Any CPU
		{088B8244-C183-4ED8-B49C-C952CD75EADF}.Debug|x64.Build.0 = Debug|Any CPU
		{088B8244-C183-4ED8-B49C-C952CD75EADF}.Debug|x86.ActiveCfg = Debug|Any CPU
		{088B8244-C183-4ED8-B49C-C952CD75EADF}.Debug|x86.Build.0 = Debug|Any CPU
		{088B8244-C183-4ED8-B49C-C952CD75EADF}.Release|Any CPU.ActiveCfg = Release|Any CPU
		{088B8244-C183-4ED8-B49C-C952CD75EADF}.Release|Any CPU.Build.0 = Release|Any CPU
		{088B8244-C183-4ED8-B49C-C952CD75EADF}.Release|x64.ActiveCfg = Release|Any CPU
		{088B8244-C183-4ED8-B49C-C952CD75EADF}.Release|x64.Build.0 = Release|Any CPU
		{088B8244-C183-4ED8-B49C-C952CD75EADF}.Release|x86.ActiveCfg = Release|Any CPU
		{088B8244-C183-4ED8-B49C-C952CD75EADF}.Release|x86.Build.0 = Release|Any CPU
		{6E9D2B73-8421-4A7D-A51C-CE18BF1A8F29}.Debug|Any CPU.ActiveCfg = Debug|Any CPU
		{6E9D2B73-8421-4A7D-A51C-CE18BF1A8F29}.Debug|Any CPU.Build.0 = Debug|Any CPU
		{6E9D2B73-8421-4A7D-A51C-CE18BF1A8F29}.Debug|x64.ActiveCfg = Debug|Any CPU
		{6E9D2B73-8421-4A7D-A51C-CE18BF1A8F29}.Debug|x64.Build.0 = Debug|Any CPU
		{6E9D2B73-8421-4A7D-A51C-CE18BF1A8F29}.Debug|x86.ActiveCfg = Debug|Any CPU
		{6E9D2B73-8421-4A7D-A51C-CE18BF1A8F29}.Debug|x86.Build.0 = Debug|Any CPU
		{6E9D2B73-8421-4A7D-A51C-CE18BF1A8F29}.Release|Any CPU.ActiveCfg = Release|Any CPU
		{6E9D2B73-8421-4A7D-A51C-CE18BF1A8F29}.Release|Any CPU.Build.0 = Release|Any CPU
		{6E9D2B73-8421-4A7D-A51C-CE18BF1A8F29}.Release|x64.ActiveCfg = Release|Any CPU
		{6E9D2B73-8421-4A7D-A51C-CE18BF1A8F29}.Release|x64.Build.0 = Release|Any CPU
		{6E9D2B73-8421-4A7D-A51C-CE18BF1A8F29}.Release|x86.ActiveCfg = Release|Any CPU
		{6E9D2B73-8421-4A7D-A51C-CE18BF1A8F29}.Release|x86.Build.0 = Release|Any CPU
	EndGlobalSection
	GlobalSection(SolutionProperties) = preSolution
		HideSolutionNode = FALSE
	EndGlobalSection
	GlobalSection(ExtensibilityGlobals) = postSolution
		SolutionGuid = {BACA3454-3CA6-4661-9B14-56F7FF91C485}
	EndGlobalSection
EndGlobal
